
Microsoft Visual Studio Solution File, Format Version 12.00
# Visual Studio 15
VisualStudioVersion = 15.0.28010.2026
MinimumVisualStudioVersion = 10.0.40219.1
Project("{FAE04EC0-301F-11D3-BF4B-00C04F79EFBC}") = "SFXPlayer", "SFXPlayer\SFXPlayer.csproj", "{9334A136-1C57-43CB-99B6-E49BA3362340}"
EndProject
Global
	GlobalSection(SolutionConfigurationPlatforms) = preSolution
		Debug|Any CPU = Debug|Any CPU
		Release|Any CPU = Release|Any CPU
	EndGlobalSection
	GlobalSection(ProjectConfigurationPlatforms) = postSolution
		{9334A136-1C57-43CB-99B6-E49BA3362340}.Debug|Any CPU.ActiveCfg = Debug|Any CPU
		{9334A136-1C57-43CB-99B6-E49BA3362340}.Debug|Any CPU.Build.0 = Debug|Any CPU
		{9334A136-1C57-43CB-99B6-E49BA3362340}.Release|Any CPU.ActiveCfg = Release|Any CPU
		{9334A136-1C57-43CB-99B6-E49BA3362340}.Release|Any CPU.Build.0 = Release|Any CPU
	EndGlobalSection
	GlobalSection(SolutionProperties) = preSolution
		HideSolutionNode = FALSE
	EndGlobalSection
	GlobalSection(ExtensibilityGlobals) = postSolution
		SolutionGuid = {D64DCB10-78EF-4A9D-B4AA-4FC0712DC8EF}
	EndGlobalSection
EndGlobal
