
Microsoft Visual Studio Solution File, Format Version 12.00
# Visual Studio 15
VisualStudioVersion = 15.0.28010.2026
MinimumVisualStudioVersion = 10.0.40219.1
Project("{FAE04EC0-301F-11D3-BF4B-00C04F79EFBC}") = "WpfApp1", "WpfApp1\WpfApp1.csproj", "{7F8DE547-8205-42F2-9A1F-D96C77EF9C50}"
EndProject
Global
	GlobalSection(SolutionConfigurationPlatforms) = preSolution
		Debug|Any CPU = Debug|Any CPU
		Release|Any CPU = Release|Any CPU
	EndGlobalSection
	GlobalSection(ProjectConfigurationPlatforms) = postSolution
		{7F8DE547-8205-42F2-9A1F-D96C77EF9C50}.Debug|Any CPU.ActiveCfg = Debug|Any CPU
		{7F8DE547-8205-42F2-9A1F-D96C77EF9C50}.Debug|Any CPU.Build.0 = Debug|Any CPU
		{7F8DE547-8205-42F2-9A1F-D96C77EF9C50}.Release|Any CPU.ActiveCfg = Release|Any CPU
		{7F8DE547-8205-42F2-9A1F-D96C77EF9C50}.Release|Any CPU.Build.0 = Release|Any CPU
	EndGlobalSection
	GlobalSection(SolutionProperties) = preSolution
		HideSolutionNode = FALSE
	EndGlobalSection
	GlobalSection(ExtensibilityGlobals) = postSolution
		SolutionGuid = {2649A4FE-32E6-4BF0-A7EB-58109814F8C8}
	EndGlobalSection
EndGlobal
